// !$*UTF8*$!
{
	archiveVersion = 1;
	classes = {
	};
	objectVersion = 77;
	objects = {

/* Begin PBXContainerItemProxy section */
		BA0F2DFD2D6838AB006595D4 /* PBXContainerItemProxy */ = {
			isa = PBXContainerItemProxy;
			containerPortal = BA0F2DE32D6838AA006595D4 /* Project object */;
			proxyType = 1;
			remoteGlobalIDString = BA0F2DEA2D6838AA006595D4;
			remoteInfo = "Calculator Plus - All in One";
		};
		BA0F2E072D6838AB006595D4 /* PBXContainerItemProxy */ = {
			isa = PBXContainerItemProxy;
			containerPortal = BA0F2DE32D6838AA006595D4 /* Project object */;
			proxyType = 1;
			remoteGlobalIDString = BA0F2DEA2D6838AA006595D4;
			remoteInfo = "Calculator Plus - All in One";
		};
/* End PBXContainerItemProxy section */

/* Begin PBXFileReference section */
		BA0F2DEB2D6838AA006595D4 /* Calculator Plus - All in One.app */ = {isa = PBXFileReference; explicitFileType = wrapper.application; includeInIndex = 0; path = "Calculator Plus - All in One.app"; sourceTree = BUILT_PRODUCTS_DIR; };
		BA0F2DFC2D6838AB006595D4 /* Calculator Plus - All in OneTests.xctest */ = {isa = PBXFileReference; explicitFileType = wrapper.cfbundle; includeInIndex = 0; path = "Calculator Plus - All in OneTests.xctest"; sourceTree = BUILT_PRODUCTS_DIR; };
		BA0F2E062D6838AB006595D4 /* Calculator Plus - All in OneUITests.xctest */ = {isa = PBXFileReference; explicitFileType = wrapper.cfbundle; includeInIndex = 0; path = "Calculator Plus - All in OneUITests.xctest"; sourceTree = BUILT_PRODUCTS_DIR; };
/* End PBXFileReference section */

/* Begin PBXFileSystemSynchronizedRootGroup section */
		BA0F2DED2D6838AA006595D4 /* Calculator Plus - All in One */ = {
			isa = PBXFileSystemSynchronizedRootGroup;
			path = "Calculator Plus - All in One";
			sourceTree = "<group>";
		};
		BA0F2DFF2D6838AB006595D4 /* Calculator Plus - All in OneTests */ = {
			isa = PBXFileSystemSynchronizedRootGroup;
			path = "Calculator Plus - All in OneTests";
			sourceTree = "<group>";
		};
		BA0F2E092D6838AB006595D4 /* Calculator Plus - All in OneUITests */ = {
			isa = PBXFileSystemSynchronizedRootGroup;
			path = "Calculator Plus - All in OneUITests";
			sourceTree = "<group>";
		};
/* End PBXFileSystemSynchronizedRootGroup section */

/* Begin PBXFrameworksBuildPhase section */
		BA0F2DE82D6838AA006595D4 /* Frameworks */ = {
			isa = PBXFrameworksBuildPhase;
			buildActionMask = 2147483647;
			files = (
			);
			runOnlyForDeploymentPostprocessing = 0;
		};
		BA0F2DF92D6838AB006595D4 /* Frameworks */ = {
			isa = PBXFrameworksBuildPhase;
			buildActionMask = 2147483647;
			files = (
			);
			runOnlyForDeploymentPostprocessing = 0;
		};
		BA0F2E032D6838AB006595D4 /* Frameworks */ = {
			isa = PBXFrameworksBuildPhase;
			buildActionMask = 2147483647;
			files = (
			);
			runOnlyForDeploymentPostprocessing = 0;
		};
/* End PBXFrameworksBuildPhase section */

/* Begin PBXGroup section */
		BA0F2DE22D6838AA006595D4 = {
			isa = PBXGroup;
			children = (
				BA0F2DED2D6838AA006595D4 /* Calculator Plus - All in One */,
				BA0F2DFF2D6838AB006595D4 /* Calculator Plus - All in OneTests */,
				BA0F2E092D6838AB006595D4 /* Calculator Plus - All in OneUITests */,
				BA0F2DEC2D6838AA006595D4 /* Products */,
			);
			sourceTree = "<group>";
		};
		BA0F2DEC2D6838AA006595D4 /* Products */ = {
			isa = PBXGroup;
			children = (
				BA0F2DEB2D6838AA006595D4 /* Calculator Plus - All in One.app */,
				BA0F2DFC2D6838AB006595D4 /* Calculator Plus - All in OneTests.xctest */,
				BA0F2E062D6838AB006595D4 /* Calculator Plus - All in OneUITests.xctest */,
			);
			name = Products;
			sourceTree = "<group>";
		};
/* End PBXGroup section */

/* Begin PBXNativeTarget section */
		BA0F2DEA2D6838AA006595D4 /* Calculator Plus - All in One */ = {
			isa = PBXNativeTarget;
			buildConfigurationList = BA0F2E102D6838AB006595D4 /* Build configuration list for PBXNativeTarget "Calculator Plus - All in One" */;
			buildPhases = (
				BA0F2DE72D6838AA006595D4 /* Sources */,
				BA0F2DE82D6838AA006595D4 /* Frameworks */,
				BA0F2DE92D6838AA006595D4 /* Resources */,
			);
			buildRules = (
			);
			dependencies = (
			);
			fileSystemSynchronizedGroups = (
				BA0F2DED2D6838AA006595D4 /* Calculator Plus - All in One */,
			);
			name = "Calculator Plus - All in One";
			packageProductDependencies = (
			);
			productName = "Calculator Plus - All in One";
			productReference = BA0F2DEB2D6838AA006595D4 /* Calculator Plus - All in One.app */;
			productType = "com.apple.product-type.application";
		};
		BA0F2DFB2D6838AB006595D4 /* Calculator Plus - All in OneTests */ = {
			isa = PBXNativeTarget;
			buildConfigurationList = BA0F2E132D6838AB006595D4 /* Build configuration list for PBXNativeTarget "Calculator Plus - All in OneTests" */;
			buildPhases = (
				BA0F2DF82D6838AB006595D4 /* Sources */,
				BA0F2DF92D6838AB006595D4 /* Frameworks */,
				BA0F2DFA2D6838AB006595D4 /* Resources */,
			);
			buildRules = (
			);
			dependencies = (
				BA0F2DFE2D6838AB006595D4 /* PBXTargetDependency */,
			);
			fileSystemSynchronizedGroups = (
				BA0F2DFF2D6838AB006595D4 /* Calculator Plus - All in OneTests */,
			);
			name = "Calculator Plus - All in OneTests";
			packageProductDependencies = (
			);
			productName = "Calculator Plus - All in OneTests";
			productReference = BA0F2DFC2D6838AB006595D4 /* Calculator Plus - All in OneTests.xctest */;
			productType = "com.apple.product-type.bundle.unit-test";
		};
		BA0F2E052D6838AB006595D4 /* Calculator Plus - All in OneUITests */ = {
			isa = PBXNativeTarget;
			buildConfigurationList = BA0F2E162D6838AB006595D4 /* Build configuration list for PBXNativeTarget "Calculator Plus - All in OneUITests" */;
			buildPhases = (
				BA0F2E022D6838AB006595D4 /* Sources */,
				BA0F2E032D6838AB006595D4 /* Frameworks */,
				BA0F2E042D6838AB006595D4 /* Resources */,
			);
			buildRules = (
			);
			dependencies = (
				BA0F2E082D6838AB006595D4 /* PBXTargetDependency */,
			);
			fileSystemSynchronizedGroups = (
				BA0F2E092D6838AB006595D4 /* Calculator Plus - All in OneUITests */,
			);
			name = "Calculator Plus - All in OneUITests";
			packageProductDependencies = (
			);
			productName = "Calculator Plus - All in OneUITests";
			productReference = BA0F2E062D6838AB006595D4 /* Calculator Plus - All in OneUITests.xctest */;
			productType = "com.apple.product-type.bundle.ui-testing";
		};
/* End PBXNativeTarget section */

/* Begin PBXProject section */
		BA0F2DE32D6838AA006595D4 /* Project object */ = {
			isa = PBXProject;
			attributes = {
				BuildIndependentTargetsInParallel = 1;
				LastSwiftUpdateCheck = 1620;
				LastUpgradeCheck = 1620;
				TargetAttributes = {
					BA0F2DEA2D6838AA006595D4 = {
						CreatedOnToolsVersion = 16.2;
					};
					BA0F2DFB2D6838AB006595D4 = {
						CreatedOnToolsVersion = 16.2;
						TestTargetID = BA0F2DEA2D6838AA006595D4;
					};
					BA0F2E052D6838AB006595D4 = {
						CreatedOnToolsVersion = 16.2;
						TestTargetID = BA0F2DEA2D6838AA006595D4;
					};
				};
			};
			buildConfigurationList = BA0F2DE62D6838AA006595D4 /* Build configuration list for PBXProject "Calculator Plus - All in One" */;
			developmentRegion = en;
			hasScannedForEncodings = 0;
			knownRegions = (
				en,
				Base,
			);
			mainGroup = BA0F2DE22D6838AA006595D4;
			minimizedProjectReferenceProxies = 1;
			preferredProjectObjectVersion = 77;
			productRefGroup = BA0F2DEC2D6838AA006595D4 /* Products */;
			projectDirPath = "";
			projectRoot = "";
			targets = (
				BA0F2DEA2D6838AA006595D4 /* Calculator Plus - All in One */,
				BA0F2DFB2D6838AB006595D4 /* Calculator Plus - All in OneTests */,
				BA0F2E052D6838AB006595D4 /* Calculator Plus - All in OneUITests */,
			);
		};
/* End PBXProject section */

/* Begin PBXResourcesBuildPhase section */
		BA0F2DE92D6838AA006595D4 /* Resources */ = {
			isa = PBXResourcesBuildPhase;
			buildActionMask = 2147483647;
			files = (
			);
			runOnlyForDeploymentPostprocessing = 0;
		};
		BA0F2DFA2D6838AB006595D4 /* Resources */ = {
			isa = PBXResourcesBuildPhase;
			buildActionMask = 2147483647;
			files = (
			);
			runOnlyForDeploymentPostprocessing = 0;
		};
		BA0F2E042D6838AB006595D4 /* Resources */ = {
			isa = PBXResourcesBuildPhase;
			buildActionMask = 2147483647;
			files = (
			);
			runOnlyForDeploymentPostprocessing = 0;
		};
/* End PBXResourcesBuildPhase section */

/* Begin PBXSourcesBuildPhase section */
		BA0F2DE72D6838AA006595D4 /* Sources */ = {
			isa = PBXSourcesBuildPhase;
			buildActionMask = 2147483647;
			files = (
			);
			runOnlyForDeploymentPostprocessing = 0;
		};
		BA0F2DF82D6838AB006595D4 /* Sources */ = {
			isa = PBXSourcesBuildPhase;
			buildActionMask = 2147483647;
			files = (
			);
			runOnlyForDeploymentPostprocessing = 0;
		};
		BA0F2E022D6838AB006595D4 /* Sources */ = {
			isa = PBXSourcesBuildPhase;
			buildActionMask = 2147483647;
			files = (
			);
			runOnlyForDeploymentPostprocessing = 0;
		};
/* End PBXSourcesBuildPhase section */

/* Begin PBXTargetDependency section */
		BA0F2DFE2D6838AB006595D4 /* PBXTargetDependency */ = {
			isa = PBXTargetDependency;
			target = BA0F2DEA2D6838AA006595D4 /* Calculator Plus - All in One */;
			targetProxy = BA0F2DFD2D6838AB006595D4 /* PBXContainerItemProxy */;
		};
		BA0F2E082D6838AB006595D4 /* PBXTargetDependency */ = {
			isa = PBXTargetDependency;
			target = BA0F2DEA2D6838AA006595D4 /* Calculator Plus - All in One */;
			targetProxy = BA0F2E072D6838AB006595D4 /* PBXContainerItemProxy */;
		};
/* End PBXTargetDependency section */

/* Begin XCBuildConfiguration section */
		BA0F2E0E2D6838AB006595D4 /* Debug */ = {
			isa = XCBuildConfiguration;
			buildSettings = {
				ALWAYS_SEARCH_USER_PATHS = NO;
				ASSETCATALOG_COMPILER_GENERATE_SWIFT_ASSET_SYMBOL_EXTENSIONS = YES;
				CLANG_ANALYZER_NONNULL = YES;
				CLANG_ANALYZER_NUMBER_OBJECT_CONVERSION = YES_AGGRESSIVE;
				CLANG_CXX_LANGUAGE_STANDARD = "gnu++20";
				CLANG_ENABLE_MODULES = YES;
				CLANG_ENABLE_OBJC_ARC = YES;
				CLANG_ENABLE_OBJC_WEAK = YES;
				CLANG_WARN_BLOCK_CAPTURE_AUTORELEASING = YES;
				CLANG_WARN_BOOL_CONVERSION = YES;
				CLANG_WARN_COMMA = YES;
				CLANG_WARN_CONSTANT_CONVERSION = YES;
				CLANG_WARN_DEPRECATED_OBJC_IMPLEMENTATIONS = YES;
				CLANG_WARN_DIRECT_OBJC_ISA_USAGE = YES_ERROR;
				CLANG_WARN_DOCUMENTATION_COMMENTS = YES;
				CLANG_WARN_EMPTY_BODY = YES;
				CLANG_WARN_ENUM_CONVERSION = YES;
				CLANG_WARN_INFINITE_RECURSION = YES;
				CLANG_WARN_INT_CONVERSION = YES;
				CLANG_WARN_NON_LITERAL_NULL_CONVERSION = YES;
				CLANG_WARN_OBJC_IMPLICIT_RETAIN_SELF = YES;
				CLANG_WARN_OBJC_LITERAL_CONVERSION = YES;
				CLANG_WARN_OBJC_ROOT_CLASS = YES_ERROR;
				CLANG_WARN_QUOTED_INCLUDE_IN_FRAMEWORK_HEADER = YES;
				CLANG_WARN_RANGE_LOOP_ANALYSIS = YES;
				CLANG_WARN_STRICT_PROTOTYPES = YES;
				CLANG_WARN_SUSPICIOUS_MOVE = YES;
				CLANG_WARN_UNGUARDED_AVAILABILITY = YES_AGGRESSIVE;
				CLANG_WARN_UNREACHABLE_CODE = YES;
				CLANG_WARN__DUPLICATE_METHOD_MATCH = YES;
				COPY_PHASE_STRIP = NO;
				DEBUG_INFORMATION_FORMAT = dwarf;
				ENABLE_STRICT_OBJC_MSGSEND = YES;
				ENABLE_TESTABILITY = YES;
				ENABLE_USER_SCRIPT_SANDBOXING = YES;
				GCC_C_LANGUAGE_STANDARD = gnu17;
				GCC_DYNAMIC_NO_PIC = NO;
				GCC_NO_COMMON_BLOCKS = YES;
				GCC_OPTIMIZATION_LEVEL = 0;
				GCC_PREPROCESSOR_DEFINITIONS = (
					"DEBUG=1",
					"$(inherited)",
				);
				GCC_WARN_64_TO_32_BIT_CONVERSION = YES;
				GCC_WARN_ABOUT_RETURN_TYPE = YES_ERROR;
				GCC_WARN_UNDECLARED_SELECTOR = YES;
				GCC_WARN_UNINITIALIZED_AUTOS = YES_AGGRESSIVE;
				GCC_WARN_UNUSED_FUNCTION = YES;
				GCC_WARN_UNUSED_VARIABLE = YES;
				LOCALIZATION_PREFERS_STRING_CATALOGS = YES;
				MTL_ENABLE_DEBUG_INFO = INCLUDE_SOURCE;
				MTL_FAST_MATH = YES;
				ONLY_ACTIVE_ARCH = YES;
				SWIFT_ACTIVE_COMPILATION_CONDITIONS = "DEBUG $(inherited)";
				SWIFT_OPTIMIZATION_LEVEL = "-Onone";
			};
			name = Debug;
		};
		BA0F2E0F2D6838AB006595D4 /* Release */ = {
			isa = XCBuildConfiguration;
			buildSettings = {
				ALWAYS_SEARCH_USER_PATHS = NO;
				ASSETCATALOG_COMPILER_GENERATE_SWIFT_ASSET_SYMBOL_EXTENSIONS = YES;
				CLANG_ANALYZER_NONNULL = YES;
				CLANG_ANALYZER_NUMBER_OBJECT_CONVERSION = YES_AGGRESSIVE;
				CLANG_CXX_LANGUAGE_STANDARD = "gnu++20";
				CLANG_ENABLE_MODULES = YES;
				CLANG_ENABLE_OBJC_ARC = YES;
				CLANG_ENABLE_OBJC_WEAK = YES;
				CLANG_WARN_BLOCK_CAPTURE_AUTORELEASING = YES;
				CLANG_WARN_BOOL_CONVERSION = YES;
				CLANG_WARN_COMMA = YES;
				CLANG_WARN_CONSTANT_CONVERSION = YES;
				CLANG_WARN_DEPRECATED_OBJC_IMPLEMENTATIONS = YES;
				CLANG_WARN_DIRECT_OBJC_ISA_USAGE = YES_ERROR;
				CLANG_WARN_DOCUMENTATION_COMMENTS = YES;
				CLANG_WARN_EMPTY_BODY = YES;
				CLANG_WARN_ENUM_CONVERSION = YES;
				CLANG_WARN_INFINITE_RECURSION = YES;
				CLANG_WARN_INT_CONVERSION = YES;
				CLANG_WARN_NON_LITERAL_NULL_CONVERSION = YES;
				CLANG_WARN_OBJC_IMPLICIT_RETAIN_SELF = YES;
				CLANG_WARN_OBJC_LITERAL_CONVERSION = YES;
				CLANG_WARN_OBJC_ROOT_CLASS = YES_ERROR;
				CLANG_WARN_QUOTED_INCLUDE_IN_FRAMEWORK_HEADER = YES;
				CLANG_WARN_RANGE_LOOP_ANALYSIS = YES;
				CLANG_WARN_STRICT_PROTOTYPES = YES;
				CLANG_WARN_SUSPICIOUS_MOVE = YES;
				CLANG_WARN_UNGUARDED_AVAILABILITY = YES_AGGRESSIVE;
				CLANG_WARN_UNREACHABLE_CODE = YES;
				CLANG_WARN__DUPLICATE_METHOD_MATCH = YES;
				COPY_PHASE_STRIP = NO;
				DEBUG_INFORMATION_FORMAT = "dwarf-with-dsym";
				ENABLE_NS_ASSERTIONS = NO;
				ENABLE_STRICT_OBJC_MSGSEND = YES;
				ENABLE_USER_SCRIPT_SANDBOXING = YES;
				GCC_C_LANGUAGE_STANDARD = gnu17;
				GCC_NO_COMMON_BLOCKS = YES;
				GCC_WARN_64_TO_32_BIT_CONVERSION = YES;
				GCC_WARN_ABOUT_RETURN_TYPE = YES_ERROR;
				GCC_WARN_UNDECLARED_SELECTOR = YES;
				GCC_WARN_UNINITIALIZED_AUTOS = YES_AGGRESSIVE;
				GCC_WARN_UNUSED_FUNCTION = YES;
				GCC_WARN_UNUSED_VARIABLE = YES;
				LOCALIZATION_PREFERS_STRING_CATALOGS = YES;
				MTL_ENABLE_DEBUG_INFO = NO;
				MTL_FAST_MATH = YES;
				SWIFT_COMPILATION_MODE = wholemodule;
			};
			name = Release;
		};
		BA0F2E112D6838AB006595D4 /* Debug */ = {
			isa = XCBuildConfiguration;
			buildSettings = {
				ASSETCATALOG_COMPILER_APPICON_NAME = AppIcon;
				ASSETCATALOG_COMPILER_GLOBAL_ACCENT_COLOR_NAME = AccentColor;
				CODE_SIGN_ENTITLEMENTS = "Calculator Plus - All in One/Calculator_Plus___All_in_One.entitlements";
				CODE_SIGN_STYLE = Automatic;
				CURRENT_PROJECT_VERSION = 1;
				DEVELOPMENT_ASSET_PATHS = "\"Calculator Plus - All in One/Preview Content\"";
				DEVELOPMENT_TEAM = K8ZK9C85FY;
				ENABLE_HARDENED_RUNTIME = YES;
				ENABLE_PREVIEWS = YES;
				GENERATE_INFOPLIST_FILE = YES;
				"INFOPLIST_KEY_UIApplicationSceneManifest_Generation[sdk=iphoneos*]" = YES;
				"INFOPLIST_KEY_UIApplicationSceneManifest_Generation[sdk=iphonesimulator*]" = YES;
				"INFOPLIST_KEY_UIApplicationSupportsIndirectInputEvents[sdk=iphoneos*]" = YES;
				"INFOPLIST_KEY_UIApplicationSupportsIndirectInputEvents[sdk=iphonesimulator*]" = YES;
				"INFOPLIST_KEY_UILaunchScreen_Generation[sdk=iphoneos*]" = YES;
				"INFOPLIST_KEY_UILaunchScreen_Generation[sdk=iphonesimulator*]" = YES;
				"INFOPLIST_KEY_UIStatusBarStyle[sdk=iphoneos*]" = UIStatusBarStyleDefault;
				"INFOPLIST_KEY_UIStatusBarStyle[sdk=iphonesimulator*]" = UIStatusBarStyleDefault;
				INFOPLIST_KEY_UISupportedInterfaceOrientations_iPad = "UIInterfaceOrientationPortrait UIInterfaceOrientationPortraitUpsideDown UIInterfaceOrientationLandscapeLeft UIInterfaceOrientationLandscapeRight";
				INFOPLIST_KEY_UISupportedInterfaceOrientations_iPhone = "UIInterfaceOrientationPortrait UIInterfaceOrientationLandscapeLeft UIInterfaceOrientationLandscapeRight";
				IPHONEOS_DEPLOYMENT_TARGET = 18.2;
				LD_RUNPATH_SEARCH_PATHS = "@executable_path/Frameworks";
				"LD_RUNPATH_SEARCH_PATHS[sdk=macosx*]" = "@executable_path/../Frameworks";
				MACOSX_DEPLOYMENT_TARGET = 15.2;
				MARKETING_VERSION = 1.0;
				PRODUCT_BUNDLE_IDENTIFIER = "com.shahabgeravesh.calculatorplus";
				PRODUCT_NAME = "Calculator Plus";
				SDKROOT = auto;
				SUPPORTED_PLATFORMS = "iphoneos iphonesimulator macosx xros xrsimulator";
				SWIFT_EMIT_LOC_STRINGS = YES;
				SWIFT_VERSION = 5.0;
				TARGETED_DEVICE_FAMILY = "1,2,7";
				XROS_DEPLOYMENT_TARGET = 2.2;
			};
			name = Debug;
		};
		BA0F2E122D6838AB006595D4 /* Release */ = {
			isa = XCBuildConfiguration;
			buildSettings = {
				ASSETCATALOG_COMPILER_APPICON_NAME = AppIcon;
				ASSETCATALOG_COMPILER_GLOBAL_ACCENT_COLOR_NAME = AccentColor;
				CODE_SIGN_ENTITLEMENTS = "Calculator Plus - All in One/Calculator_Plus___All_in_One.entitlements";
				CODE_SIGN_STYLE = Automatic;
				CURRENT_PROJECT_VERSION = 1;
				DEVELOPMENT_ASSET_PATHS = "\"Calculator Plus - All in One/Preview Content\"";
				DEVELOPMENT_TEAM = K8ZK9C85FY;
				ENABLE_HARDENED_RUNTIME = YES;
				ENABLE_PREVIEWS = YES;
				GENERATE_INFOPLIST_FILE = YES;
				"INFOPLIST_KEY_UIApplicationSceneManifest_Generation[sdk=iphoneos*]" = YES;
				"INFOPLIST_KEY_UIApplicationSceneManifest_Generation[sdk=iphonesimulator*]" = YES;
				"INFOPLIST_KEY_UIApplicationSupportsIndirectInputEvents[sdk=iphoneos*]" = YES;
				"INFOPLIST_KEY_UIApplicationSupportsIndirectInputEvents[sdk=iphonesimulator*]" = YES;
				"INFOPLIST_KEY_UILaunchScreen_Generation[sdk=iphoneos*]" = YES;
				"INFOPLIST_KEY_UILaunchScreen_Generation[sdk=iphonesimulator*]" = YES;
				"INFOPLIST_KEY_UIStatusBarStyle[sdk=iphoneos*]" = UIStatusBarStyleDefault;
				"INFOPLIST_KEY_UIStatusBarStyle[sdk=iphonesimulator*]" = UIStatusBarStyleDefault;
				INFOPLIST_KEY_UISupportedInterfaceOrientations_iPad = "UIInterfaceOrientationPortrait UIInterfaceOrientationPortraitUpsideDown UIInterfaceOrientationLandscapeLeft UIInterfaceOrientationLandscapeRight";
				INFOPLIST_KEY_UISupportedInterfaceOrientations_iPhone = "UIInterfaceOrientationPortrait UIInterfaceOrientationLandscapeLeft UIInterfaceOrientationLandscapeRight";
				IPHONEOS_DEPLOYMENT_TARGET = 18.2;
				LD_RUNPATH_SEARCH_PATHS = "@executable_path/Frameworks";
				"LD_RUNPATH_SEARCH_PATHS[sdk=macosx*]" = "@executable_path/../Frameworks";
				MACOSX_DEPLOYMENT_TARGET = 15.2;
				MARKETING_VERSION = 1.0;
				PRODUCT_BUNDLE_IDENTIFIER = "com.shahabgeravesh.calculatorplus";
				PRODUCT_NAME = "Calculator Plus";
				SDKROOT = auto;
				SUPPORTED_PLATFORMS = "iphoneos iphonesimulator macosx xros xrsimulator";
				SWIFT_EMIT_LOC_STRINGS = YES;
				SWIFT_VERSION = 5.0;
				TARGETED_DEVICE_FAMILY = "1,2,7";
				XROS_DEPLOYMENT_TARGET = 2.2;
			};
			name = Release;
		};
		BA0F2E142D6838AB006595D4 /* Debug */ = {
			isa = XCBuildConfiguration;
			buildSettings = {
				BUNDLE_LOADER = "$(TEST_HOST)";
				CODE_SIGN_STYLE = Automatic;
				CURRENT_PROJECT_VERSION = 1;
				DEVELOPMENT_TEAM = K8ZK9C85FY;
				GENERATE_INFOPLIST_FILE = YES;
				IPHONEOS_DEPLOYMENT_TARGET = 18.2;
				MACOSX_DEPLOYMENT_TARGET = 15.2;
				MARKETING_VERSION = 1.0;
				PRODUCT_BUNDLE_IDENTIFIER = "Calculator-Plus---All-in-One.Calculator-Plus---All-in-OneTests";
				PRODUCT_NAME = "$(TARGET_NAME)";
				SDKROOT = auto;
				SUPPORTED_PLATFORMS = "iphoneos iphonesimulator macosx xros xrsimulator";
				SWIFT_EMIT_LOC_STRINGS = NO;
				SWIFT_VERSION = 5.0;
				TARGETED_DEVICE_FAMILY = "1,2,7";
				TEST_HOST = "$(BUILT_PRODUCTS_DIR)/Calculator Plus - All in One.app/$(BUNDLE_EXECUTABLE_FOLDER_PATH)/Calculator Plus - All in One";
				XROS_DEPLOYMENT_TARGET = 2.2;
			};
			name = Debug;
		};
		BA0F2E152D6838AB006595D4 /* Release */ = {
			isa = XCBuildConfiguration;
			buildSettings = {
				BUNDLE_LOADER = "$(TEST_HOST)";
				CODE_SIGN_STYLE = Automatic;
				CURRENT_PROJECT_VERSION = 1;
				DEVELOPMENT_TEAM = K8ZK9C85FY;
				GENERATE_INFOPLIST_FILE = YES;
				IPHONEOS_DEPLOYMENT_TARGET = 18.2;
				MACOSX_DEPLOYMENT_TARGET = 15.2;
				MARKETING_VERSION = 1.0;
				PRODUCT_BUNDLE_IDENTIFIER = "Calculator-Plus---All-in-One.Calculator-Plus---All-in-OneTests";
				PRODUCT_NAME = "$(TARGET_NAME)";
				SDKROOT = auto;
				SUPPORTED_PLATFORMS = "iphoneos iphonesimulator macosx xros xrsimulator";
				SWIFT_EMIT_LOC_STRINGS = NO;
				SWIFT_VERSION = 5.0;
				TARGETED_DEVICE_FAMILY = "1,2,7";
				TEST_HOST = "$(BUILT_PRODUCTS_DIR)/Calculator Plus - All in One.app/$(BUNDLE_EXECUTABLE_FOLDER_PATH)/Calculator Plus - All in One";
				XROS_DEPLOYMENT_TARGET = 2.2;
			};
			name = Release;
		};
		BA0F2E172D6838AB006595D4 /* Debug */ = {
			isa = XCBuildConfiguration;
			buildSettings = {
				CODE_SIGN_STYLE = Automatic;
				CURRENT_PROJECT_VERSION = 1;
				DEVELOPMENT_TEAM = K8ZK9C85FY;
				GENERATE_INFOPLIST_FILE = YES;
				IPHONEOS_DEPLOYMENT_TARGET = 18.2;
				MACOSX_DEPLOYMENT_TARGET = 15.2;
				MARKETING_VERSION = 1.0;
				PRODUCT_BUNDLE_IDENTIFIER = "Calculator-Plus---All-in-One.Calculator-Plus---All-in-OneUITests";
				PRODUCT_NAME = "$(TARGET_NAME)";
				SDKROOT = auto;
				SUPPORTED_PLATFORMS = "iphoneos iphonesimulator macosx xros xrsimulator";
				SWIFT_EMIT_LOC_STRINGS = NO;
				SWIFT_VERSION = 5.0;
				TARGETED_DEVICE_FAMILY = "1,2,7";
				TEST_TARGET_NAME = "Calculator Plus - All in One";
				XROS_DEPLOYMENT_TARGET = 2.2;
			};
			name = Debug;
		};
		BA0F2E182D6838AB006595D4 /* Release */ = {
			isa = XCBuildConfiguration;
			buildSettings = {
				CODE_SIGN_STYLE = Automatic;
				CURRENT_PROJECT_VERSION = 1;
				DEVELOPMENT_TEAM = K8ZK9C85FY;
				GENERATE_INFOPLIST_FILE = YES;
				IPHONEOS_DEPLOYMENT_TARGET = 18.2;
				MACOSX_DEPLOYMENT_TARGET = 15.2;
				MARKETING_VERSION = 1.0;
				PRODUCT_BUNDLE_IDENTIFIER = "Calculator-Plus---All-in-One.Calculator-Plus---All-in-OneUITests";
				PRODUCT_NAME = "$(TARGET_NAME)";
				SDKROOT = auto;
				SUPPORTED_PLATFORMS = "iphoneos iphonesimulator macosx xros xrsimulator";
				SWIFT_EMIT_LOC_STRINGS = NO;
				SWIFT_VERSION = 5.0;
				TARGETED_DEVICE_FAMILY = "1,2,7";
				TEST_TARGET_NAME = "Calculator Plus - All in One";
				XROS_DEPLOYMENT_TARGET = 2.2;
			};
			name = Release;
		};
/* End XCBuildConfiguration section */

/* Begin XCConfigurationList section */
		BA0F2DE62D6838AA006595D4 /* Build configuration list for PBXProject "Calculator Plus - All in One" */ = {
			isa = XCConfigurationList;
			buildConfigurations = (
				BA0F2E0E2D6838AB006595D4 /* Debug */,
				BA0F2E0F2D6838AB006595D4 /* Release */,
			);
			defaultConfigurationIsVisible = 0;
			defaultConfigurationName = Release;
		};
		BA0F2E102D6838AB006595D4 /* Build configuration list for PBXNativeTarget "Calculator Plus - All in One" */ = {
			isa = XCConfigurationList;
			buildConfigurations = (
				BA0F2E112D6838AB006595D4 /* Debug */,
				BA0F2E122D6838AB006595D4 /* Release */,
			);
			defaultConfigurationIsVisible = 0;
			defaultConfigurationName = Release;
		};
		BA0F2E132D6838AB006595D4 /* Build configuration list for PBXNativeTarget "Calculator Plus - All in OneTests" */ = {
			isa = XCConfigurationList;
			buildConfigurations = (
				BA0F2E142D6838AB006595D4 /* Debug */,
				BA0F2E152D6838AB006595D4 /* Release */,
			);
			defaultConfigurationIsVisible = 0;
			defaultConfigurationName = Release;
		};
		BA0F2E162D6838AB006595D4 /* Build configuration list for PBXNativeTarget "Calculator Plus - All in OneUITests" */ = {
			isa = XCConfigurationList;
			buildConfigurations = (
				BA0F2E172D6838AB006595D4 /* Debug */,
				BA0F2E182D6838AB006595D4 /* Release */,
			);
			defaultConfigurationIsVisible = 0;
			defaultConfigurationName = Release;
		};
/* End XCConfigurationList section */
	};
	rootObject = BA0F2DE32D6838AA006595D4 /* Project object */;
}
